[[package]]
name = "aiosqlite"
version = "0.19.0"
description = "asyncio bridge to the standard sqlite3 module"
category = "main"
optional = false
python-versions = ">=3.7"

[package.extras]
dev = ["aiounittest (==1.4.1)", "attribution (==1.6.2)", "black (==23.3.0)", "coverage[toml] (==7.2.3)", "flake8 (==5.0.4)", "flake8-bugbear (==23.3.12)", "flit (==3.7.1)", "mypy (==1.2.0)", "ufmt (==2.1.0)", "usort (==1.0.6)"]
docs = ["sphinx (==6.1.3)", "sphinx-mdinclude (==0.5.3)"]

[[package]]
name = "alembic"
version = "1.13.1"
description = "A database migration tool for SQLAlchemy."
category = "main"
optional = false
python-versions = ">=3.8"

[package.dependencies]
Mako = "*"
SQLAlchemy = ">=1.3.0"
typing-extensions = ">=4"

[package.extras]
tz = ["backports.zoneinfo"]

[[package]]
name = "annotated-types"
version = "0.7.0"
description = "Reusable constraint types to use with typing.Annotated"
category = "main"
optional = false
python-versions = ">=3.8"

[[package]]
name = "anyio"
version = "3.7.1"
description = "High level compatibility layer for multiple asynchronous event loop implementations"
category = "main"
optional = false
python-versions = ">=3.7"

[package.dependencies]
exceptiongroup = {version = "*", markers = "python_version < \"3.11\""}
idna = ">=2.8"
sniffio = ">=1.1"

[package.extras]
doc = ["packaging", "sphinx", "sphinx-rtd-theme (>=1.2.2)", "sphinxcontrib-jquery", "sphinx-autodoc-typehints (>=1.2.0)"]
test = ["anyio", "coverage[toml] (>=4.5)", "hypothesis (>=4.0)", "psutil (>=5.9)", "pytest (>=7.0)", "pytest-mock (>=3.6.1)", "trustme", "uvloop (>=0.17)", "mock (>=4)"]
trio = ["trio (<0.22)"]

[[package]]
name = "astor"
version = "0.8.1"
description = "Read/rewrite/write Python ASTs"
category = "dev"
optional = false
python-versions = "!=3.0.*,!=3.1.*,!=3.2.*,!=3.3.*,>=2.7"

[[package]]
name = "attrs"
version = "23.2.0"
description = "Classes Without Boilerplate"
category = "dev"
optional = false
python-versions = ">=3.7"

[package.extras]
cov = ["attrs", "coverage[toml] (>=5.3)"]
dev = ["attrs", "pre-commit"]
docs = ["furo", "myst-parser", "sphinx", "sphinx-notfound-page", "sphinxcontrib-towncrier", "towncrier", "zope-interface"]
tests = ["attrs", "zope-interface"]
tests-mypy = ["mypy (>=1.6)", "pytest-mypy-plugins"]
tests-no-zope = ["attrs", "cloudpickle", "hypothesis", "pympler", "pytest-xdist", "pytest (>=4.3.0)"]

[[package]]
name = "autoflake"
version = "1.7.8"
description = "Removes unused imports and unused variables"
category = "dev"
optional = false
python-versions = ">=3.7"

[package.dependencies]
pyflakes = ">=1.1.0,<3"
tomli = {version = ">=2.0.1", markers = "python_version < \"3.11\""}

[[package]]
name = "bandit"
version = "1.7.9"
description = "Security oriented static analyser for python code."
category = "dev"
optional = false
python-versions = ">=3.8"

[package.dependencies]
colorama = {version = ">=0.3.9", markers = "platform_system == \"Windows\""}
PyYAML = ">=5.3.1"
rich = "*"
stevedore = ">=1.20.0"

[package.extras]
baseline = ["GitPython (>=3.1.30)"]
sarif = ["sarif-om (>=1.0.4)", "jschema-to-python (>=1.2.3)"]
test = ["coverage (>=4.5.4)", "fixtures (>=3.0.0)", "flake8 (>=4.0.0)", "stestr (>=2.5.0)", "testscenarios (>=0.5.0)", "testtools (>=2.3.0)", "beautifulsoup4 (>=4.8.0)", "pylint (==1.9.4)"]
toml = ["tomli (>=1.1.0)"]
yaml = ["pyyaml"]

[[package]]
name = "black"
version = "22.12.0"
description = "The uncompromising code formatter."
category = "dev"
optional = false
python-versions = ">=3.7"

[package.dependencies]
click = ">=8.0.0"
mypy-extensions = ">=0.4.3"
pathspec = ">=0.9.0"
platformdirs = ">=2"
tomli = {version = ">=1.1.0", markers = "python_full_version < \"3.11.0a7\""}
typing-extensions = {version = ">=3.10.0.0", markers = "python_version < \"3.10\""}

[package.extras]
colorama = ["colorama (>=0.4.3)"]
d = ["aiohttp (>=3.7.4)"]
jupyter = ["ipython (>=7.8.0)", "tokenize-rt (>=3.2.0)"]
uvloop = ["uvloop (>=0.15.2)"]

[[package]]
name = "certifi"
version = "2024.6.2"
description = "Python package for providing Mozilla's CA Bundle."
category = "main"
optional = false
python-versions = ">=3.6"

[[package]]
name = "cfgv"
version = "3.4.0"
description = "Validate configuration and produce human readable error messages."
category = "dev"
optional = false
python-versions = ">=3.8"

[[package]]
name = "charset-normalizer"
version = "3.3.2"
description = "The Real First Universal Charset Detector. Open, modern and actively maintained alternative to Chardet."
category = "main"
optional = false
python-versions = ">=3.7.0"

[[package]]
name = "click"
version = "8.1.7"
description = "Composable command line interface toolkit"
category = "main"
optional = false
python-versions = ">=3.7"

[package.dependencies]
colorama = {version = "*", markers = "platform_system == \"Windows\""}

[[package]]
name = "colorama"
version = "0.4.6"
description = "Cross-platform colored terminal text."
category = "main"
optional = false
python-versions = "!=3.0.*,!=3.1.*,!=3.2.*,!=3.3.*,!=3.4.*,!=3.5.*,!=3.6.*,>=2.7"

[[package]]
name = "coverage"
version = "7.5.3"
description = "Code coverage measurement for Python"
category = "dev"
optional = false
python-versions = ">=3.8"

[package.dependencies]
tomli = {version = "*", optional = true, markers = "python_full_version <= \"3.11.0a6\" and extra == \"toml\""}

[package.extras]
toml = ["tomli"]

[[package]]
name = "darglint"
version = "1.8.1"
description = "A utility for ensuring Google-style docstrings stay up to date with the source code."
category = "dev"
optional = false
python-versions = ">=3.6,<4.0"

[[package]]
name = "distlib"
version = "0.3.8"
description = "Distribution utilities"
category = "dev"
optional = false
python-versions = "*"

[[package]]
name = "docutils"
version = "0.21.2"
description = "Docutils -- Python Documentation Utilities"
category = "dev"
optional = false
python-versions = ">=3.9"

[[package]]
name = "eradicate"
version = "2.3.0"
description = "Removes commented-out code."
category = "dev"
optional = false
python-versions = "*"

[[package]]
name = "exceptiongroup"
version = "1.2.1"
description = "Backport of PEP 654 (exception groups)"
category = "main"
optional = false
python-versions = ">=3.7"

[package.extras]
test = ["pytest (>=6)"]

[[package]]
name = "fastapi"
version = "0.100.1"
description = "FastAPI framework, high performance, easy to learn, fast to code, ready for production"
category = "main"
optional = false
python-versions = ">=3.7"

[package.dependencies]
pydantic = ">=1.7.4,<1.8 || >1.8,<1.8.1 || >1.8.1,<2.0.0 || >2.0.0,<2.0.1 || >2.0.1,<3.0.0"
starlette = ">=0.27.0,<0.28.0"
typing-extensions = ">=4.5.0"

[package.extras]
all = ["email-validator (>=2.0.0)", "httpx (>=0.23.0)", "itsdangerous (>=1.1.0)", "jinja2 (>=2.11.2)", "orjson (>=3.2.1)", "pydantic-extra-types (>=2.0.0)", "pydantic-settings (>=2.0.0)", "python-multipart (>=0.0.5)", "pyyaml (>=5.3.1)", "ujson (>=4.0.1,!=4.0.2,!=4.1.0,!=4.2.0,!=4.3.0,!=5.0.0,!=5.1.0)", "uvicorn[standard] (>=0.12.0)"]

[[package]]
name = "filelock"
version = "3.15.1"
description = "A platform independent file lock."
category = "dev"
optional = false
python-versions = ">=3.8"

[package.extras]
docs = ["furo (>=2023.9.10)", "sphinx-autodoc-typehints (>=1.25.2)", "sphinx (>=7.2.6)"]
testing = ["covdefaults (>=2.3)", "coverage (>=7.3.2)", "diff-cover (>=8.0.1)", "pytest-asyncio (>=0.21)", "pytest-cov (>=4.1)", "pytest-mock (>=3.12)", "pytest-timeout (>=2.2)", "pytest (>=7.4.3)"]
typing = ["typing-extensions (>=4.8)"]

[[package]]
name = "flake8"
version = "4.0.1"
description = "the modular source code checker: pep8 pyflakes and co"
category = "dev"
optional = false
python-versions = ">=3.6"

[package.dependencies]
mccabe = ">=0.6.0,<0.7.0"
pycodestyle = ">=2.8.0,<2.9.0"
pyflakes = ">=2.4.0,<2.5.0"

[[package]]
name = "flake8-bandit"
version = "3.0.0"
description = "Automated security testing with bandit and flake8."
category = "dev"
optional = false
python-versions = ">=3.6"

[package.dependencies]
bandit = ">=1.7.3"
flake8 = "*"
flake8-polyfill = "*"
pycodestyle = "*"

[[package]]
name = "flake8-broken-line"
version = "0.5.0"
description = "Flake8 plugin to forbid backslashes for line breaks"
category = "dev"
optional = false
python-versions = ">=3.6,<4.0"

[package.dependencies]
flake8 = ">=3.5,<6"

[[package]]
name = "flake8-bugbear"
version = "22.12.6"
description = "A plugin for flake8 finding likely bugs and design problems in your program. Contains warnings that don't belong in pyflakes and pycodestyle."
category = "dev"
optional = false
python-versions = ">=3.7"

[package.dependencies]
attrs = ">=19.2.0"
flake8 = ">=3.0.0"

[package.extras]
dev = ["tox", "coverage", "hypothesis", "hypothesmith (>=0.2)", "pre-commit"]

[[package]]
name = "flake8-commas"
version = "2.1.0"
description = "Flake8 lint for trailing commas."
category = "dev"
optional = false
python-versions = "*"

[package.dependencies]
flake8 = ">=2"

[[package]]
name = "flake8-comprehensions"
version = "3.14.0"
description = "A flake8 plugin to help you write better list/set/dict comprehensions."
category = "dev"
optional = false
python-versions = ">=3.8"

[package.dependencies]
flake8 = ">=3.0,<3.2.0 || >3.2.0"

[[package]]
name = "flake8-debugger"
version = "4.1.2"
description = "ipdb/pdb statement checker plugin for flake8"
category = "dev"
optional = false
python-versions = ">=3.7"

[package.dependencies]
flake8 = ">=3.0"
pycodestyle = "*"

[[package]]
name = "flake8-docstrings"
version = "1.7.0"
description = "Extension for flake8 which uses pydocstyle to check docstrings"
category = "dev"
optional = false
python-versions = ">=3.7"

[package.dependencies]
flake8 = ">=3"
pydocstyle = ">=2.1"

[[package]]
name = "flake8-eradicate"
version = "1.4.0"
description = "Flake8 plugin to find commented out code"
category = "dev"
optional = false
python-versions = ">=3.7,<4.0"

[package.dependencies]
attrs = "*"
eradicate = ">=2.0,<3.0"
flake8 = ">=3.5,<6"

[[package]]
name = "flake8-isort"
version = "4.2.0"
description = "flake8 plugin that integrates isort ."
category = "dev"
optional = false
python-versions = "*"

[package.dependencies]
flake8 = ">=3.2.1,<6"
isort = ">=4.3.5,<6"

[package.extras]
test = ["pytest-cov"]

[[package]]
name = "flake8-polyfill"
version = "1.0.2"
description = "Polyfill package for Flake8 plugins"
category = "dev"
optional = false
python-versions = "*"

[package.dependencies]
flake8 = "*"

[[package]]
name = "flake8-quotes"
version = "3.4.0"
description = "Flake8 lint for quotes."
category = "dev"
optional = false
python-versions = "*"

[package.dependencies]
flake8 = "*"

[[package]]
name = "flake8-rst-docstrings"
version = "0.2.7"
description = "Python docstring reStructuredText (RST) validator"
category = "dev"
optional = false
python-versions = ">=3.7"

[package.dependencies]
flake8 = ">=3.0.0"
pygments = "*"
restructuredtext-lint = "*"

[[package]]
name = "flake8-string-format"
version = "0.3.0"
description = "string format checker, plugin for flake8"
category = "dev"
optional = false
python-versions = "*"

[package.dependencies]
flake8 = "*"

[[package]]
name = "greenlet"
version = "3.0.3"
description = "Lightweight in-process concurrent programming"
category = "main"
optional = false
python-versions = ">=3.7"

[package.extras]
docs = ["sphinx", "furo"]
test = ["objgraph", "psutil"]

[[package]]
name = "gunicorn"
version = "21.2.0"
description = "WSGI HTTP Server for UNIX"
category = "main"
optional = false
python-versions = ">=3.5"

[package.dependencies]
packaging = "*"

[package.extras]
eventlet = ["eventlet (>=0.24.1)"]
gevent = ["gevent (>=1.4.0)"]
setproctitle = ["setproctitle"]
tornado = ["tornado (>=0.2)"]

[[package]]
name = "h11"
version = "0.14.0"
description = "A pure-Python, bring-your-own-I/O implementation of HTTP/1.1"
category = "main"
optional = false
python-versions = ">=3.7"

[[package]]
name = "httpcore"
version = "0.16.3"
description = "A minimal low-level HTTP client."
category = "dev"
optional = false
python-versions = ">=3.7"

[package.dependencies]
anyio = ">=3.0,<5.0"
certifi = "*"
h11 = ">=0.13,<0.15"
sniffio = ">=1.0.0,<2.0.0"

[package.extras]
http2 = ["h2 (>=3,<5)"]
socks = ["socksio (>=1.0.0,<2.0.0)"]

[[package]]
name = "httptools"
version = "0.6.1"
description = "A collection of framework independent HTTP protocol utils."
category = "main"
optional = false
python-versions = ">=3.8.0"

[package.extras]
test = ["Cython (>=0.29.24,<0.30.0)"]

[[package]]
name = "httpx"
version = "0.23.3"
description = "The next generation HTTP client."
category = "dev"
optional = false
python-versions = ">=3.7"

[package.dependencies]
certifi = "*"
httpcore = ">=0.15.0,<0.17.0"
rfc3986 = {version = ">=1.3,<2", extras = ["idna2008"]}
sniffio = "*"

[package.extras]
brotli = ["brotli", "brotlicffi"]
cli = ["click (>=8.0.0,<9.0.0)", "pygments (>=2.0.0,<3.0.0)", "rich (>=10,<13)"]
http2 = ["h2 (>=3,<5)"]
socks = ["socksio (>=1.0.0,<2.0.0)"]

[[package]]
name = "identify"
version = "2.5.36"
description = "File identification library for Python"
category = "dev"
optional = false
python-versions = ">=3.8"

[package.extras]
license = ["ukkonen"]

[[package]]
name = "idna"
version = "3.7"
description = "Internationalized Domain Names in Applications (IDNA)"
category = "main"
optional = false
python-versions = ">=3.5"

[[package]]
name = "iniconfig"
version = "2.0.0"
description = "brain-dead simple config-ini parsing"
category = "dev"
optional = false
python-versions = ">=3.7"

[[package]]
name = "isort"
version = "5.13.2"
description = "A Python utility / library to sort Python imports."
category = "dev"
optional = false
python-versions = ">=3.8.0"

[package.extras]
colors = ["colorama (>=0.4.6)"]

[[package]]
name = "mako"
version = "1.3.5"
description = "A super-fast templating language that borrows the best ideas from the existing templating languages."
category = "main"
optional = false
python-versions = ">=3.8"

[package.dependencies]
MarkupSafe = ">=0.9.2"

[package.extras]
testing = ["pytest"]
babel = ["babel"]
lingua = ["lingua"]

[[package]]
name = "markdown-it-py"
version = "3.0.0"
description = "Python port of markdown-it. Markdown parsing, done right!"
category = "dev"
optional = false
python-versions = ">=3.8"

[package.dependencies]
mdurl = ">=0.1,<1.0"

[package.extras]
benchmarking = ["psutil", "pytest", "pytest-benchmark"]
code_style = ["pre-commit (>=3.0,<4.0)"]
compare = ["commonmark (>=0.9,<1.0)", "markdown (>=3.4,<4.0)", "mistletoe (>=1.0,<2.0)", "mistune (>=2.0,<3.0)", "panflute (>=2.3,<3.0)"]
linkify = ["linkify-it-py (>=1,<3)"]
plugins = ["mdit-py-plugins"]
profiling = ["gprof2dot"]
rtd = ["mdit-py-plugins", "myst-parser", "pyyaml", "sphinx", "sphinx-copybutton", "sphinx-design", "sphinx-book-theme", "jupyter-sphinx"]
testing = ["coverage", "pytest", "pytest-cov", "pytest-regressions"]

[[package]]
name = "markupsafe"
version = "2.1.5"
description = "Safely add untrusted strings to HTML/XML markup."
category = "main"
optional = false
python-versions = ">=3.7"

[[package]]
name = "mccabe"
version = "0.6.1"
description = "McCabe checker, plugin for flake8"
category = "dev"
optional = false
python-versions = "*"

[[package]]
name = "mdurl"
version = "0.1.2"
description = "Markdown URL utilities"
category = "dev"
optional = false
python-versions = ">=3.7"

[[package]]
name = "multidict"
version = "6.0.5"
description = "multidict implementation"
category = "main"
optional = false
python-versions = ">=3.7"

[[package]]
name = "mypy"
version = "1.10.0"
description = "Optional static typing for Python"
category = "dev"
optional = false
python-versions = ">=3.8"

[package.dependencies]
mypy-extensions = ">=1.0.0"
tomli = {version = ">=1.1.0", markers = "python_version < \"3.11\""}
typing-extensions = ">=4.1.0"

[package.extras]
dmypy = ["psutil (>=4.0)"]
install-types = ["pip"]
mypyc = ["setuptools (>=50)"]
reports = ["lxml"]

[[package]]
name = "mypy-extensions"
version = "1.0.0"
description = "Type system extensions for programs checked with the mypy type checker."
category = "dev"
optional = false
python-versions = ">=3.5"

[[package]]
name = "nodeenv"
version = "1.9.1"
description = "Node.js virtual environment builder"
category = "dev"
optional = false
python-versions = "!=3.0.*,!=3.1.*,!=3.2.*,!=3.3.*,!=3.4.*,!=3.5.*,!=3.6.*,>=2.7"

[[package]]
name = "packaging"
version = "24.1"
description = "Core utilities for Python packages"
category = "main"
optional = false
python-versions = ">=3.8"

[[package]]
name = "pathspec"
version = "0.12.1"
description = "Utility library for gitignore style pattern matching of file paths."
category = "dev"
optional = false
python-versions = ">=3.8"

[[package]]
name = "pbr"
version = "6.0.0"
description = "Python Build Reasonableness"
category = "dev"
optional = false
python-versions = ">=2.6"

[[package]]
name = "pep8-naming"
version = "0.13.2"
description = "Check PEP-8 naming conventions, plugin for flake8"
category = "dev"
optional = false
python-versions = ">=3.7"

[package.dependencies]
flake8 = ">=3.9.1"

[[package]]
name = "platformdirs"
version = "4.2.2"
description = "A small Python package for determining appropriate platform-specific dirs, e.g. a `user data dir`."
category = "dev"
optional = false
python-versions = ">=3.8"

[package.extras]
docs = ["furo (>=2023.9.10)", "proselint (>=0.13)", "sphinx-autodoc-typehints (>=1.25.2)", "sphinx (>=7.2.6)"]
test = ["appdirs (==1.4.4)", "covdefaults (>=2.3)", "pytest-cov (>=4.1)", "pytest-mock (>=3.12)", "pytest (>=7.4.3)"]
type = ["mypy (>=1.8)"]

[[package]]
name = "pluggy"
version = "1.5.0"
description = "plugin and hook calling mechanisms for python"
category = "dev"
optional = false
python-versions = ">=3.8"

[package.extras]
dev = ["pre-commit", "tox"]
testing = ["pytest", "pytest-benchmark"]

[[package]]
name = "pre-commit"
version = "3.7.1"
description = "A framework for managing and maintaining multi-language pre-commit hooks."
category = "dev"
optional = false
python-versions = ">=3.9"

[package.dependencies]
cfgv = ">=2.0.0"
identify = ">=1.0.0"
nodeenv = ">=0.11.1"
pyyaml = ">=5.1"
virtualenv = ">=20.10.0"

[[package]]
name = "pycodestyle"
version = "2.8.0"
description = "Python style guide checker"
category = "dev"
optional = false
python-versions = ">=2.7, !=3.0.*, !=3.1.*, !=3.2.*, !=3.3.*, !=3.4.*"

[[package]]
name = "pydantic"
version = "2.7.4"
description = "Data validation using Python type hints"
category = "main"
optional = false
python-versions = ">=3.8"

[package.dependencies]
annotated-types = ">=0.4.0"
pydantic-core = "2.18.4"
typing-extensions = ">=4.6.1"

[package.extras]
email = ["email-validator (>=2.0.0)"]

[[package]]
name = "pydantic-core"
version = "2.18.4"
description = "Core functionality for Pydantic validation and serialization"
category = "main"
optional = false
python-versions = ">=3.8"

[package.dependencies]
typing-extensions = ">=4.6.0,<4.7.0 || >4.7.0"

[[package]]
name = "pydantic-settings"
version = "2.3.3"
description = "Settings management using Pydantic"
category = "main"
optional = false
python-versions = ">=3.8"

[package.dependencies]
pydantic = ">=2.7.0"
python-dotenv = ">=0.21.0"

[package.extras]
toml = ["tomli (>=2.0.1)"]
yaml = ["pyyaml (>=6.0.1)"]

[[package]]
name = "pydocstyle"
version = "6.3.0"
description = "Python docstring style checker"
category = "dev"
optional = false
python-versions = ">=3.6"

[package.dependencies]
snowballstemmer = ">=2.2.0"

[package.extras]
toml = ["tomli (>=1.2.3)"]

[[package]]
name = "pyflakes"
version = "2.4.0"
description = "passive checker of Python programs"
category = "dev"
optional = false
python-versions = ">=2.7, !=3.0.*, !=3.1.*, !=3.2.*, !=3.3.*"

[[package]]
name = "pygments"
version = "2.18.0"
description = "Pygments is a syntax highlighting package written in Python."
category = "dev"
optional = false
python-versions = ">=3.8"

[package.extras]
windows-terminal = ["colorama (>=0.4.6)"]

[[package]]
name = "pytest"
version = "7.4.4"
description = "pytest: simple powerful testing with Python"
category = "dev"
optional = false
python-versions = ">=3.7"

[package.dependencies]
colorama = {version = "*", markers = "sys_platform == \"win32\""}
exceptiongroup = {version = ">=1.0.0rc8", markers = "python_version < \"3.11\""}
iniconfig = "*"
packaging = "*"
pluggy = ">=0.12,<2.0"
tomli = {version = ">=1.0.0", markers = "python_version < \"3.11\""}

[package.extras]
testing = ["argcomplete", "attrs (>=19.2.0)", "hypothesis (>=3.56)", "mock", "nose", "pygments (>=2.7.2)", "requests", "setuptools", "xmlschema"]

[[package]]
name = "pytest-cov"
version = "4.1.0"
description = "Pytest plugin for measuring coverage."
category = "dev"
optional = false
python-versions = ">=3.7"

[package.dependencies]
coverage = {version = ">=5.2.1", extras = ["toml"]}
pytest = ">=4.6"

[package.extras]
testing = ["fields", "hunter", "process-tests", "six", "pytest-xdist", "virtualenv"]

[[package]]
name = "pytest-env"
version = "0.8.2"
description = "py.test plugin that allows you to add environment variables."
category = "dev"
optional = false
python-versions = ">=3.7"

[package.dependencies]
pytest = ">=7.3.1"

[package.extras]
test = ["coverage (>=7.2.7)", "pytest-mock (>=3.10)"]

[[package]]
name = "python-dotenv"
version = "1.0.1"
description = "Read key-value pairs from a .env file and set them as environment variables"
category = "main"
optional = false
python-versions = ">=3.8"

[package.extras]
cli = ["click (>=5.0)"]

[[package]]
name = "pyyaml"
version = "6.0.1"
description = "YAML parser and emitter for Python"
category = "main"
optional = false
python-versions = ">=3.6"

[[package]]
name = "requests"
version = "2.32.3"
description = "Python HTTP for Humans."
category = "main"
optional = false
python-versions = ">=3.8"

[package.dependencies]
certifi = ">=2017.4.17"
charset-normalizer = ">=2,<4"
idna = ">=2.5,<4"
urllib3 = ">=1.21.1,<3"

[package.extras]
socks = ["PySocks (>=1.5.6,!=1.5.7)"]
use-chardet-on-py3 = ["chardet (>=3.0.2,<6)"]

[[package]]
name = "restructuredtext-lint"
version = "1.4.0"
description = "reStructuredText linter"
category = "dev"
optional = false
python-versions = "*"

[package.dependencies]
docutils = ">=0.11,<1.0"

[[package]]
name = "rfc3986"
version = "1.5.0"
description = "Validating URI References per RFC 3986"
category = "dev"
optional = false
python-versions = "*"

[package.dependencies]
idna = {version = "*", optional = true, markers = "extra == \"idna2008\""}

[package.extras]
idna2008 = ["idna"]

[[package]]
name = "rich"
version = "13.7.1"
description = "Render rich text, tables, progress bars, syntax highlighting, markdown and more to the terminal"
category = "dev"
optional = false
python-versions = ">=3.7.0"

[package.dependencies]
markdown-it-py = ">=2.2.0"
pygments = ">=2.13.0,<3.0.0"

[package.extras]
jupyter = ["ipywidgets (>=7.5.1,<9)"]

[[package]]
name = "sniffio"
version = "1.3.1"
description = "Sniff out which async library your code is running under"
category = "main"
optional = false
python-versions = ">=3.7"

[[package]]
name = "snowballstemmer"
version = "2.2.0"
description = "This package provides 29 stemmers for 28 languages generated from Snowball algorithms."
category = "dev"
optional = false
python-versions = "*"

[[package]]
name = "sqlalchemy"
version = "2.0.30"
description = "Database Abstraction Library"
category = "main"
optional = false
python-versions = ">=3.7"

[package.dependencies]
greenlet = {version = "!=0.4.17", markers = "platform_machine == \"aarch64\" or platform_machine == \"ppc64le\" or platform_machine == \"x86_64\" or platform_machine == \"amd64\" or platform_machine == \"AMD64\" or platform_machine == \"win32\" or platform_machine == \"WIN32\""}
typing-extensions = ">=4.6.0"

[package.extras]
asyncio = ["greenlet (!=0.4.17)"]
mypy = ["mypy (>=0.910)"]
mssql = ["pyodbc"]
mssql-pymssql = ["pymssql"]
mssql-pyodbc = ["pyodbc"]
mysql = ["mysqlclient (>=1.4.0)"]
mysql-connector = ["mysql-connector-python"]
mariadb-connector = ["mariadb (>=1.0.1,!=1.1.2,!=1.1.5)"]
oracle = ["cx_oracle (>=8)"]
oracle-oracledb = ["oracledb (>=1.0.1)"]
postgresql = ["psycopg2 (>=2.7)"]
postgresql-pg8000 = ["pg8000 (>=1.29.1)"]
postgresql-asyncpg = ["greenlet (!=0.4.17)", "asyncpg"]
postgresql-psycopg2binary = ["psycopg2-binary"]
postgresql-psycopg2cffi = ["psycopg2cffi"]
postgresql-psycopg = ["psycopg (>=3.0.7)"]
postgresql-psycopgbinary = ["psycopg[binary] (>=3.0.7)"]
pymysql = ["pymysql"]
aiomysql = ["greenlet (!=0.4.17)", "aiomysql (>=0.2.0)"]
aioodbc = ["greenlet (!=0.4.17)", "aioodbc"]
asyncmy = ["greenlet (!=0.4.17)", "asyncmy (>=0.2.3,!=0.2.4,!=0.2.6)"]
aiosqlite = ["greenlet (!=0.4.17)", "aiosqlite", "typing_extensions (!=3.10.0.1)"]
sqlcipher = ["sqlcipher3-binary"]

[[package]]
name = "starlette"
version = "0.27.0"
description = "The little ASGI library that shines."
category = "main"
optional = false
python-versions = ">=3.7"

[package.dependencies]
anyio = ">=3.4.0,<5"
typing-extensions = {version = ">=3.10.0", markers = "python_version < \"3.10\""}

[package.extras]
full = ["httpx (>=0.22.0)", "itsdangerous", "jinja2", "python-multipart", "pyyaml"]

[[package]]
name = "stevedore"
version = "5.2.0"
description = "Manage dynamic plugins for Python applications"
category = "dev"
optional = false
python-versions = ">=3.8"

[package.dependencies]
pbr = ">=2.0.0,<2.1.0 || >2.1.0"

[[package]]
name = "tomli"
version = "2.0.1"
description = "A lil' TOML parser"
category = "dev"
optional = false
python-versions = ">=3.7"

[[package]]
name = "typing-extensions"
version = "4.12.2"
description = "Backported and Experimental Type Hints for Python 3.8+"
category = "main"
optional = false
python-versions = ">=3.8"

[[package]]
name = "ujson"
version = "5.10.0"
description = "Ultra fast JSON encoder and decoder for Python"
category = "main"
optional = false
python-versions = ">=3.8"

[[package]]
name = "urllib3"
version = "2.2.2"
description = "HTTP library with thread-safe connection pooling, file post, and more."
category = "main"
optional = false
python-versions = ">=3.8"

[package.extras]
brotli = ["brotli (>=1.0.9)", "brotlicffi (>=0.8.0)"]
h2 = ["h2 (>=4,<5)"]
socks = ["pysocks (>=1.5.6,!=1.5.7,<2.0)"]
zstd = ["zstandard (>=0.18.0)"]

[[package]]
name = "uvicorn"
version = "0.22.0"
description = "The lightning-fast ASGI server."
category = "main"
optional = false
python-versions = ">=3.7"

[package.dependencies]
click = ">=7.0"
colorama = {version = ">=0.4", optional = true, markers = "sys_platform == \"win32\" and extra == \"standard\""}
h11 = ">=0.8"
httptools = {version = ">=0.5.0", optional = true, markers = "extra == \"standard\""}
python-dotenv = {version = ">=0.13", optional = true, markers = "extra == \"standard\""}
pyyaml = {version = ">=5.1", optional = true, markers = "extra == \"standard\""}
uvloop = {version = ">=0.14.0,<0.15.0 || >0.15.0,<0.15.1 || >0.15.1", optional = true, markers = "sys_platform != \"win32\" and sys_platform != \"cygwin\" and platform_python_implementation != \"PyPy\" and extra == \"standard\""}
watchfiles = {version = ">=0.13", optional = true, markers = "extra == \"standard\""}
websockets = {version = ">=10.4", optional = true, markers = "extra == \"standard\""}

[package.extras]
standard = ["colorama (>=0.4)", "httptools (>=0.5.0)", "python-dotenv (>=0.13)", "pyyaml (>=5.1)", "uvloop (>=0.14.0,!=0.15.0,!=0.15.1)", "watchfiles (>=0.13)", "websockets (>=10.4)"]

[[package]]
name = "uvloop"
version = "0.19.0"
description = "Fast implementation of asyncio event loop on top of libuv"
category = "main"
optional = false
python-versions = ">=3.8.0"

[package.extras]
docs = ["Sphinx (>=4.1.2,<4.2.0)", "sphinxcontrib-asyncio (>=0.3.0,<0.4.0)", "sphinx-rtd-theme (>=0.5.2,<0.6.0)"]
test = ["flake8 (>=5.0,<6.0)", "psutil", "pycodestyle (>=2.9.0,<2.10.0)", "pyOpenSSL (>=23.0.0,<23.1.0)", "mypy (>=0.800)", "Cython (>=0.29.36,<0.30.0)", "aiohttp (>=3.8.1)", "aiohttp (==3.9.0b0)"]

[[package]]
name = "virtualenv"
version = "20.26.2"
description = "Virtual Python Environment builder"
category = "dev"
optional = false
python-versions = ">=3.7"

[package.dependencies]
distlib = ">=0.3.7,<1"
filelock = ">=3.12.2,<4"
platformdirs = ">=3.9.1,<5"

[package.extras]
docs = ["furo (>=2023.7.26)", "proselint (>=0.13)", "sphinx (>=7.1.2,!=7.3)", "sphinx-argparse (>=0.4)", "sphinxcontrib-towncrier (>=0.2.1a0)", "towncrier (>=23.6)"]
test = ["covdefaults (>=2.3)", "coverage-enable-subprocess (>=1)", "coverage (>=7.2.7)", "flaky (>=3.7)", "packaging (>=23.1)", "pytest-env (>=0.8.2)", "pytest-freezer (>=0.4.8)", "pytest-mock (>=3.11.1)", "pytest-randomly (>=3.12)", "pytest-timeout (>=2.1)", "pytest (>=7.4)", "setuptools (>=68)", "time-machine (>=2.10)"]

[[package]]
name = "watchfiles"
version = "0.22.0"
description = "Simple, modern and high performance file watching and code reload in python."
category = "main"
optional = false
python-versions = ">=3.8"

[package.dependencies]
anyio = ">=3.0.0"

[[package]]
name = "websockets"
version = "12.0"
description = "An implementation of the WebSocket Protocol (RFC 6455 & 7692)"
category = "main"
optional = false
python-versions = ">=3.8"

[[package]]
name = "wemake-python-styleguide"
version = "0.17.0"
description = "The strictest and most opinionated python linter ever"
category = "dev"
optional = false
python-versions = ">=3.7,<4.0"

[package.dependencies]
astor = ">=0.8,<0.9"
attrs = "*"
darglint = ">=1.2,<2.0"
flake8 = ">=3.7,<5"
flake8-bandit = ">=2.1,<4"
flake8-broken-line = ">=0.5,<0.6"
flake8-bugbear = ">=22.9,<23.0"
flake8-commas = ">=2.0,<3.0"
flake8-comprehensions = ">=3.1,<4.0"
flake8-debugger = ">=4.0,<5.0"
flake8-docstrings = ">=1.3,<2.0"
flake8-eradicate = ">=1.0,<2.0"
flake8-isort = ">=4.0,<5.0"
flake8-quotes = ">=3.0,<4.0"
flake8-rst-docstrings = ">=0.2,<0.3"
flake8-string-format = ">=0.3,<0.4"
pep8-naming = ">=0.13,<0.14"
pygments = ">=2.4,<3.0"
typing_extensions = ">=4.0,<5.0"

[[package]]
name = "yarl"
version = "1.9.4"
description = "Yet another URL library"
category = "main"
optional = false
python-versions = ">=3.7"

[package.dependencies]
idna = ">=2.0"
multidict = ">=4.0"

[metadata]
lock-version = "1.1"
python-versions = "^3.9"
content-hash = "950a386562ac6fd262bb18fd2ca3651ae332169d5fc8d5f33d331923f91efcd8"

[metadata.files]
aiosqlite = []
alembic = []
annotated-types = []
anyio = []
astor = []
attrs = []
autoflake = []
bandit = []
black = []
certifi = []
cfgv = []
charset-normalizer = []
click = []
colorama = []
coverage = []
darglint = []
distlib = []
docutils = []
eradicate = []
exceptiongroup = []
fastapi = []
filelock = []
flake8 = []
flake8-bandit = []
flake8-broken-line = []
flake8-bugbear = []
flake8-commas = []
flake8-comprehensions = []
flake8-debugger = []
flake8-docstrings = []
flake8-eradicate = []
flake8-isort = []
flake8-polyfill = []
flake8-quotes = []
flake8-rst-docstrings = []
flake8-string-format = []
greenlet = []
gunicorn = []
h11 = []
httpcore = []
httptools = []
httpx = []
identify = []
idna = []
iniconfig = []
isort = []
mako = []
markdown-it-py = []
markupsafe = []
mccabe = []
mdurl = []
multidict = []
mypy = []
mypy-extensions = []
nodeenv = []
packaging = []
pathspec = []
pbr = []
pep8-naming = []
platformdirs = []
pluggy = []
pre-commit = []
pycodestyle = []
pydantic = []
pydantic-core = []
pydantic-settings = []
pydocstyle = []
pyflakes = []
pygments = []
pytest = []
pytest-cov = []
pytest-env = []
python-dotenv = []
pyyaml = []
requests = []
restructuredtext-lint = []
rfc3986 = []
rich = []
sniffio = []
snowballstemmer = []
sqlalchemy = []
starlette = []
stevedore = []
tomli = []
typing-extensions = []
ujson = []
urllib3 = []
uvicorn = []
uvloop = []
virtualenv = []
watchfiles = []
websockets = []
wemake-python-styleguide = []
yarl = []
